
Microsoft Visual Studio Solution File, Format Version 12.00
# Visual Studio Version 16
VisualStudioVersion = 16.0.31729.503
MinimumVisualStudioVersion = 10.0.40219.1
Project("{FAE04EC0-301F-11D3-BF4B-00C04F79EFBC}") = "AzureGitHub", "AzureGitHub\AzureGitHub.csproj", "{992401C4-F830-486F-9EAC-AB8EC311453B}"
EndProject
Global
	GlobalSection(SolutionConfigurationPlatforms) = preSolution
		Debug|Any CPU = Debug|Any CPU
		Release|Any CPU = Release|Any CPU
	EndGlobalSection
	GlobalSection(ProjectConfigurationPlatforms) = postSolution
		{992401C4-F830-486F-9EAC-AB8EC311453B}.Debug|Any CPU.ActiveCfg = Debug|Any CPU
		{992401C4-F830-486F-9EAC-AB8EC311453B}.Debug|Any CPU.Build.0 = Debug|Any CPU
		{992401C4-F830-486F-9EAC-AB8EC311453B}.Release|Any CPU.ActiveCfg = Release|Any CPU
		{992401C4-F830-486F-9EAC-AB8EC311453B}.Release|Any CPU.Build.0 = Release|Any CPU
	EndGlobalSection
	GlobalSection(SolutionProperties) = preSolution
		HideSolutionNode = FALSE
	EndGlobalSection
	GlobalSection(ExtensibilityGlobals) = postSolution
		SolutionGuid = {DF56F68E-B7C3-4D4A-8601-1AFCA36A8E0B}
	EndGlobalSection
EndGlobal
